
Microsoft Visual Studio Solution File, Format Version 11.00
# Visual Studio 2010
Project("{FAE04EC0-301F-11D3-BF4B-00C04F79EFBC}") = "SZIntraV3_1_WebSite", "SZIntraV3_1_WebSite\SZIntraV3_1_WebSite.csproj", "{18B9ADEB-CAB1-4BC3-BF42-2166B825FB7A}"
EndProject
Project("{2150E333-8FDC-42A3-9474-1A3956D46DE8}") = "Solution Items", "Solution Items", "{37F9172E-F391-4AF5-B0C4-C0199B455A1F}"
	ProjectSection(SolutionItems) = preProject
		Suzhou Intranet V3.1.vsmdi = Suzhou Intranet V3.1.vsmdi
	EndProjectSection
EndProject
Global
	GlobalSection(TestCaseManagementSettings) = postSolution
		CategoryFile = Suzhou Intranet V3.1.vsmdi
	EndGlobalSection
	GlobalSection(SolutionConfigurationPlatforms) = preSolution
		Debug|Any CPU = Debug|Any CPU
		Debug|Mixed Platforms = Debug|Mixed Platforms
		Debug|x86 = Debug|x86
		Release|Any CPU = Release|Any CPU
		Release|Mixed Platforms = Release|Mixed Platforms
		Release|x86 = Release|x86
	EndGlobalSection
	GlobalSection(ProjectConfigurationPlatforms) = postSolution
		{18B9ADEB-CAB1-4BC3-BF42-2166B825FB7A}.Debug|Any CPU.ActiveCfg = Debug|Any CPU
		{18B9ADEB-CAB1-4BC3-BF42-2166B825FB7A}.Debug|Any CPU.Build.0 = Debug|Any CPU
		{18B9ADEB-CAB1-4BC3-BF42-2166B825FB7A}.Debug|Mixed Platforms.ActiveCfg = Debug|Any CPU
		{18B9ADEB-CAB1-4BC3-BF42-2166B825FB7A}.Debug|Mixed Platforms.Build.0 = Debug|Any CPU
		{18B9ADEB-CAB1-4BC3-BF42-2166B825FB7A}.Debug|x86.ActiveCfg = Debug|Any CPU
		{18B9ADEB-CAB1-4BC3-BF42-2166B825FB7A}.Release|Any CPU.ActiveCfg = Release|Any CPU
		{18B9ADEB-CAB1-4BC3-BF42-2166B825FB7A}.Release|Any CPU.Build.0 = Release|Any CPU
		{18B9ADEB-CAB1-4BC3-BF42-2166B825FB7A}.Release|Mixed Platforms.ActiveCfg = Release|Any CPU
		{18B9ADEB-CAB1-4BC3-BF42-2166B825FB7A}.Release|Mixed Platforms.Build.0 = Release|Any CPU
		{18B9ADEB-CAB1-4BC3-BF42-2166B825FB7A}.Release|x86.ActiveCfg = Release|Any CPU
	EndGlobalSection
	GlobalSection(SolutionProperties) = preSolution
		HideSolutionNode = FALSE
	EndGlobalSection
	GlobalSection(ExtensibilityGlobals) = postSolution
		VisualSVNWorkingCopyRoot = .
	EndGlobalSection
EndGlobal
